
Microsoft Visual Studio Solution File, Format Version 12.00
# Visual Studio Version 17
VisualStudioVersion = 17.9.34728.123
MinimumVisualStudioVersion = 10.0.40219.1
Project("{FAE04EC0-301F-11D3-BF4B-00C04F79EFBC}") = "Vehicle Rental System", "Vehicle Rental System\Vehicle Rental System.csproj", "{76D33A2D-1A6D-496C-A314-7936CDA9F812}"
EndProject
Global
	GlobalSection(SolutionConfigurationPlatforms) = preSolution
		Debug|Any CPU = Debug|Any CPU
		Release|Any CPU = Release|Any CPU
	EndGlobalSection
	GlobalSection(ProjectConfigurationPlatforms) = postSolution
		{76D33A2D-1A6D-496C-A314-7936CDA9F812}.Debug|Any CPU.ActiveCfg = Debug|Any CPU
		{76D33A2D-1A6D-496C-A314-7936CDA9F812}.Debug|Any CPU.Build.0 = Debug|Any CPU
		{76D33A2D-1A6D-496C-A314-7936CDA9F812}.Release|Any CPU.ActiveCfg = Release|Any CPU
		{76D33A2D-1A6D-496C-A314-7936CDA9F812}.Release|Any CPU.Build.0 = Release|Any CPU
	EndGlobalSection
	GlobalSection(SolutionProperties) = preSolution
		HideSolutionNode = FALSE
	EndGlobalSection
	GlobalSection(ExtensibilityGlobals) = postSolution
		SolutionGuid = {91B84424-B72A-4A2C-B15D-E770839001E2}
	EndGlobalSection
EndGlobal
